github.com/BurntSushi/graphics-go v0.0.0-20160129215708-b43f31a4a966 h1:lTG4HQym5oPKjL7nGs+csTgiDna685ZXjxijkne828g=
github.com/BurntSushi/graphics-go v0.0.0-20160129215708-b43f31a4a966/go.mod h1:Mid70uvE93zn9wgF92A/r5ixgnvX8Lh68fxp9KQBaI0=
github.com/minodisk/go-fix-orientation v0.0.0-20160416014108-37c78c6093d8 h1:RdhFTin+enhpjutzg3//3cKHyLNoTFHc72TJSx2bYQQ=
github.com/minodisk/go-fix-orientation v0.0.0-20160416014108-37c78c6093d8/go.mod h1:tBpKnp5ayUW/4syjjycojFiBTai/xeAq0ab0SAEoOlY=
github.com/rwcarlsen/goexif v0.0.0-20190401172101-9e8deecbddbd h1:CmH9+J6ZSsIjUK3dcGsnCnO41eRBOnY12zwkn5qVwgc=
github.com/rwcarlsen/goexif v0.0.0-20190401172101-9e8deecbddbd/go.mod h1:hPqNNc0+uJM6H+SuU8sEs5K5IQeKccPqeSjfgcKGgPk=
